
Microsoft Visual Studio Solution File, Format Version 12.00
# Visual Studio Version 16
VisualStudioVersion = 16.0.30413.136
MinimumVisualStudioVersion = 10.0.40219.1
Project("{FAE04EC0-301F-11D3-BF4B-00C04F79EFBC}") = "PhoneBookSimple", "PhoneBookSimple\PhoneBookSimple.csproj", "{FEE91F63-C27F-4F29-9D99-D06E8F62366E}"
EndProject
Global
	GlobalSection(SolutionConfigurationPlatforms) = preSolution
		Debug|Any CPU = Debug|Any CPU
		Release|Any CPU = Release|Any CPU
	EndGlobalSection
	GlobalSection(ProjectConfigurationPlatforms) = postSolution
		{FEE91F63-C27F-4F29-9D99-D06E8F62366E}.Debug|Any CPU.ActiveCfg = Debug|Any CPU
		{FEE91F63-C27F-4F29-9D99-D06E8F62366E}.Debug|Any CPU.Build.0 = Debug|Any CPU
		{FEE91F63-C27F-4F29-9D99-D06E8F62366E}.Release|Any CPU.ActiveCfg = Release|Any CPU
		{FEE91F63-C27F-4F29-9D99-D06E8F62366E}.Release|Any CPU.Build.0 = Release|Any CPU
	EndGlobalSection
	GlobalSection(SolutionProperties) = preSolution
		HideSolutionNode = FALSE
	EndGlobalSection
	GlobalSection(ExtensibilityGlobals) = postSolution
		SolutionGuid = {E2E35561-A822-4874-BC4E-49FC7229F756}
	EndGlobalSection
EndGlobal
